
Microsoft Visual Studio Solution File, Format Version 12.00
# Visual Studio Version 17
VisualStudioVersion = 17.9.34728.123
MinimumVisualStudioVersion = 10.0.40219.1
Project("{2150E333-8FDC-42A3-9474-1A3956D46DE8}") = "CQRS-ES", "CQRS-ES", "{A15C155D-C2BC-4E49-A4FB-6C9C3E740EA6}"
EndProject
Project("{2150E333-8FDC-42A3-9474-1A3956D46DE8}") = "SM-POST", "SM-POST", "{87301562-2849-480C-B5D2-DB32BDCF75C4}"
EndProject
Project("{2150E333-8FDC-42A3-9474-1A3956D46DE8}") = "POST.CMD", "POST.CMD", "{5C49D613-C392-462C-940C-8343E3E6500B}"
EndProject
Project("{2150E333-8FDC-42A3-9474-1A3956D46DE8}") = "POST.QUERY", "POST.QUERY", "{A0706907-E375-4677-B120-10D79CF6C71C}"
EndProject
Project("{FAE04EC0-301F-11D3-BF4B-00C04F79EFBC}") = "CQRS.CORE", "CQRS.CORE\CQRS.CORE.csproj", "{AADCED61-AAA1-48E8-9E93-AE76C370B05A}"
EndProject
Project("{FAE04EC0-301F-11D3-BF4B-00C04F79EFBC}") = "POST.CMD.API", "POST.CMD.API\POST.CMD.API.csproj", "{9902BFDF-8DF9-4217-B42F-7F7FC4193C95}"
EndProject
Project("{FAE04EC0-301F-11D3-BF4B-00C04F79EFBC}") = "POST.CMD.DOMAIN", "POST.CMD.DOMAIN\POST.CMD.DOMAIN.csproj", "{55EC4231-A7E0-44F8-B8B6-972588006591}"
EndProject
Project("{FAE04EC0-301F-11D3-BF4B-00C04F79EFBC}") = "POST.CMD.INFRASTRUCTURE", "POST.CMD.INFRASTRUCTURE\POST.CMD.INFRASTRUCTURE.csproj", "{309B7A81-C3E0-4344-91AD-DB7ADF5E46B0}"
EndProject
Project("{FAE04EC0-301F-11D3-BF4B-00C04F79EFBC}") = "POST.QUERY.API", "POST.QUERY.API\POST.QUERY.API.csproj", "{61368CB0-9232-47F2-ACD6-33EBCE102A6F}"
EndProject
Project("{FAE04EC0-301F-11D3-BF4B-00C04F79EFBC}") = "POST.QUERY.DOMAIN", "POST.QUERY.DOMAIN\POST.QUERY.DOMAIN.csproj", "{70177A91-3B4B-4AC5-90CE-CE6F346738AB}"
EndProject
Project("{FAE04EC0-301F-11D3-BF4B-00C04F79EFBC}") = "POST.QUERY.INFRASTRUCTURE", "POST.QUERY.INFRASTRUCTURE\POST.QUERY.INFRASTRUCTURE.csproj", "{EC480AA9-8B5D-4760-B83D-CB11CDAEC882}"
EndProject
Project("{2150E333-8FDC-42A3-9474-1A3956D46DE8}") = "POST.COMMON", "POST.COMMON", "{73AF427E-F200-469A-AF58-74163A168981}"
EndProject
Project("{FAE04EC0-301F-11D3-BF4B-00C04F79EFBC}") = "POST.COMMON", "POST.COMMON\POST.COMMON.csproj", "{2A2D6668-BE08-4548-AD5B-6EF028CB2560}"
EndProject
Global
	GlobalSection(SolutionConfigurationPlatforms) = preSolution
		Debug|Any CPU = Debug|Any CPU
		Release|Any CPU = Release|Any CPU
	EndGlobalSection
	GlobalSection(ProjectConfigurationPlatforms) = postSolution
		{AADCED61-AAA1-48E8-9E93-AE76C370B05A}.Debug|Any CPU.ActiveCfg = Debug|Any CPU
		{AADCED61-AAA1-48E8-9E93-AE76C370B05A}.Debug|Any CPU.Build.0 = Debug|Any CPU
		{AADCED61-AAA1-48E8-9E93-AE76C370B05A}.Release|Any CPU.ActiveCfg = Release|Any CPU
		{AADCED61-AAA1-48E8-9E93-AE76C370B05A}.Release|Any CPU.Build.0 = Release|Any CPU
		{9902BFDF-8DF9-4217-B42F-7F7FC4193C95}.Debug|Any CPU.ActiveCfg = Debug|Any CPU
		{9902BFDF-8DF9-4217-B42F-7F7FC4193C95}.Debug|Any CPU.Build.0 = Debug|Any CPU
		{9902BFDF-8DF9-4217-B42F-7F7FC4193C95}.Release|Any CPU.ActiveCfg = Release|Any CPU
		{9902BFDF-8DF9-4217-B42F-7F7FC4193C95}.Release|Any CPU.Build.0 = Release|Any CPU
		{55EC4231-A7E0-44F8-B8B6-972588006591}.Debug|Any CPU.ActiveCfg = Debug|Any CPU
		{55EC4231-A7E0-44F8-B8B6-972588006591}.Debug|Any CPU.Build.0 = Debug|Any CPU
		{55EC4231-A7E0-44F8-B8B6-972588006591}.Release|Any CPU.ActiveCfg = Release|Any CPU
		{55EC4231-A7E0-44F8-B8B6-972588006591}.Release|Any CPU.Build.0 = Release|Any CPU
		{309B7A81-C3E0-4344-91AD-DB7ADF5E46B0}.Debug|Any CPU.ActiveCfg = Debug|Any CPU
		{309B7A81-C3E0-4344-91AD-DB7ADF5E46B0}.Debug|Any CPU.Build.0 = Debug|Any CPU
		{309B7A81-C3E0-4344-91AD-DB7ADF5E46B0}.Release|Any CPU.ActiveCfg = Release|Any CPU
		{309B7A81-C3E0-4344-91AD-DB7ADF5E46B0}.Release|Any CPU.Build.0 = Release|Any CPU
		{61368CB0-9232-47F2-ACD6-33EBCE102A6F}.Debug|Any CPU.ActiveCfg = Debug|Any CPU
		{61368CB0-9232-47F2-ACD6-33EBCE102A6F}.Debug|Any CPU.Build.0 = Debug|Any CPU
		{61368CB0-9232-47F2-ACD6-33EBCE102A6F}.Release|Any CPU.ActiveCfg = Release|Any CPU
		{61368CB0-9232-47F2-ACD6-33EBCE102A6F}.Release|Any CPU.Build.0 = Release|Any CPU
		{70177A91-3B4B-4AC5-90CE-CE6F346738AB}.Debug|Any CPU.ActiveCfg = Debug|Any CPU
		{70177A91-3B4B-4AC5-90CE-CE6F346738AB}.Debug|Any CPU.Build.0 = Debug|Any CPU
		{70177A91-3B4B-4AC5-90CE-CE6F346738AB}.Release|Any CPU.ActiveCfg = Release|Any CPU
		{70177A91-3B4B-4AC5-90CE-CE6F346738AB}.Release|Any CPU.Build.0 = Release|Any CPU
		{EC480AA9-8B5D-4760-B83D-CB11CDAEC882}.Debug|Any CPU.ActiveCfg = Debug|Any CPU
		{EC480AA9-8B5D-4760-B83D-CB11CDAEC882}.Debug|Any CPU.Build.0 = Debug|Any CPU
		{EC480AA9-8B5D-4760-B83D-CB11CDAEC882}.Release|Any CPU.ActiveCfg = Release|Any CPU
		{EC480AA9-8B5D-4760-B83D-CB11CDAEC882}.Release|Any CPU.Build.0 = Release|Any CPU
		{2A2D6668-BE08-4548-AD5B-6EF028CB2560}.Debug|Any CPU.ActiveCfg = Debug|Any CPU
		{2A2D6668-BE08-4548-AD5B-6EF028CB2560}.Debug|Any CPU.Build.0 = Debug|Any CPU
		{2A2D6668-BE08-4548-AD5B-6EF028CB2560}.Release|Any CPU.ActiveCfg = Release|Any CPU
		{2A2D6668-BE08-4548-AD5B-6EF028CB2560}.Release|Any CPU.Build.0 = Release|Any CPU
	EndGlobalSection
	GlobalSection(SolutionProperties) = preSolution
		HideSolutionNode = FALSE
	EndGlobalSection
	GlobalSection(NestedProjects) = preSolution
		{5C49D613-C392-462C-940C-8343E3E6500B} = {87301562-2849-480C-B5D2-DB32BDCF75C4}
		{A0706907-E375-4677-B120-10D79CF6C71C} = {87301562-2849-480C-B5D2-DB32BDCF75C4}
		{AADCED61-AAA1-48E8-9E93-AE76C370B05A} = {A15C155D-C2BC-4E49-A4FB-6C9C3E740EA6}
		{9902BFDF-8DF9-4217-B42F-7F7FC4193C95} = {5C49D613-C392-462C-940C-8343E3E6500B}
		{55EC4231-A7E0-44F8-B8B6-972588006591} = {5C49D613-C392-462C-940C-8343E3E6500B}
		{309B7A81-C3E0-4344-91AD-DB7ADF5E46B0} = {5C49D613-C392-462C-940C-8343E3E6500B}
		{61368CB0-9232-47F2-ACD6-33EBCE102A6F} = {A0706907-E375-4677-B120-10D79CF6C71C}
		{70177A91-3B4B-4AC5-90CE-CE6F346738AB} = {A0706907-E375-4677-B120-10D79CF6C71C}
		{EC480AA9-8B5D-4760-B83D-CB11CDAEC882} = {A0706907-E375-4677-B120-10D79CF6C71C}
		{73AF427E-F200-469A-AF58-74163A168981} = {87301562-2849-480C-B5D2-DB32BDCF75C4}
		{2A2D6668-BE08-4548-AD5B-6EF028CB2560} = {73AF427E-F200-469A-AF58-74163A168981}
	EndGlobalSection
	GlobalSection(ExtensibilityGlobals) = postSolution
		SolutionGuid = {E8C4F443-89CC-4451-A592-7E49632EC931}
	EndGlobalSection
EndGlobal
