
Microsoft Visual Studio Solution File, Format Version 12.00
Project("{2150E333-8FDC-42A3-9474-1A3956D46DE8}") = "Aspire", "Aspire", "{8FDD39E7-CF95-40EC-8B45-36334C67800D}"
EndProject
Project("{2150E333-8FDC-42A3-9474-1A3956D46DE8}") = "Services", "Services", "{C0813516-A130-489D-B71B-2600C949D813}"
EndProject
Project("{2150E333-8FDC-42A3-9474-1A3956D46DE8}") = "Aspire", "Aspire", "{5E48AA9E-5412-4F6C-BE6B-1DCB7EEEA6D8}"
EndProject
Project("{FAE04EC0-301F-11D3-BF4B-00C04F79EFBC}") = "AppHost", "src\Aspire\AppHost\AppHost.csproj", "{9F84999A-90E7-4FC0-B838-885E79F35A01}"
EndProject
Project("{FAE04EC0-301F-11D3-BF4B-00C04F79EFBC}") = "ServiceDefaults", "src\Aspire\ServiceDefaults\ServiceDefaults.csproj", "{EA70793B-1F4C-41BF-BC41-93F3A57AE2C3}"
EndProject
Project("{FAE04EC0-301F-11D3-BF4B-00C04F79EFBC}") = "Catalog", "src\Services\Catalog\Catalog.csproj", "{55A14241-E8D0-4172-BD50-A993911D4C6F}"
EndProject
Project("{FAE04EC0-301F-11D3-BF4B-00C04F79EFBC}") = "Basket", "Basket\Basket.csproj", "{6EC08137-489A-4C82-A39A-8B4C87A00431}"
EndProject
Global
	GlobalSection(SolutionConfigurationPlatforms) = preSolution
		Debug|Any CPU = Debug|Any CPU
		Release|Any CPU = Release|Any CPU
	EndGlobalSection
	GlobalSection(NestedProjects) = preSolution
		{9F84999A-90E7-4FC0-B838-885E79F35A01} = {8FDD39E7-CF95-40EC-8B45-36334C67800D}
		{EA70793B-1F4C-41BF-BC41-93F3A57AE2C3} = {8FDD39E7-CF95-40EC-8B45-36334C67800D}
		{55A14241-E8D0-4172-BD50-A993911D4C6F} = {C0813516-A130-489D-B71B-2600C949D813}
		{6EC08137-489A-4C82-A39A-8B4C87A00431} = {C0813516-A130-489D-B71B-2600C949D813}
	EndGlobalSection
	GlobalSection(ProjectConfigurationPlatforms) = postSolution
		{9F84999A-90E7-4FC0-B838-885E79F35A01}.Debug|Any CPU.ActiveCfg = Debug|Any CPU
		{9F84999A-90E7-4FC0-B838-885E79F35A01}.Debug|Any CPU.Build.0 = Debug|Any CPU
		{9F84999A-90E7-4FC0-B838-885E79F35A01}.Release|Any CPU.ActiveCfg = Release|Any CPU
		{9F84999A-90E7-4FC0-B838-885E79F35A01}.Release|Any CPU.Build.0 = Release|Any CPU
		{EA70793B-1F4C-41BF-BC41-93F3A57AE2C3}.Debug|Any CPU.ActiveCfg = Debug|Any CPU
		{EA70793B-1F4C-41BF-BC41-93F3A57AE2C3}.Debug|Any CPU.Build.0 = Debug|Any CPU
		{EA70793B-1F4C-41BF-BC41-93F3A57AE2C3}.Release|Any CPU.ActiveCfg = Release|Any CPU
		{EA70793B-1F4C-41BF-BC41-93F3A57AE2C3}.Release|Any CPU.Build.0 = Release|Any CPU
		{55A14241-E8D0-4172-BD50-A993911D4C6F}.Debug|Any CPU.ActiveCfg = Debug|Any CPU
		{55A14241-E8D0-4172-BD50-A993911D4C6F}.Debug|Any CPU.Build.0 = Debug|Any CPU
		{55A14241-E8D0-4172-BD50-A993911D4C6F}.Release|Any CPU.ActiveCfg = Release|Any CPU
		{55A14241-E8D0-4172-BD50-A993911D4C6F}.Release|Any CPU.Build.0 = Release|Any CPU
		{6EC08137-489A-4C82-A39A-8B4C87A00431}.Debug|Any CPU.ActiveCfg = Debug|Any CPU
		{6EC08137-489A-4C82-A39A-8B4C87A00431}.Debug|Any CPU.Build.0 = Debug|Any CPU
		{6EC08137-489A-4C82-A39A-8B4C87A00431}.Release|Any CPU.ActiveCfg = Release|Any CPU
		{6EC08137-489A-4C82-A39A-8B4C87A00431}.Release|Any CPU.Build.0 = Release|Any CPU
	EndGlobalSection
EndGlobal
