
Microsoft Visual Studio Solution File, Format Version 12.00
# Visual Studio Version 17
VisualStudioVersion = 17.0.31903.59
MinimumVisualStudioVersion = 10.0.40219.1
Project("{2150E333-8FDC-42A3-9474-1A3956D46DE8}") = "Services", "Services", "{D09696A0-E39D-4A57-ABE7-136BD666C514}"
EndProject
Project("{2150E333-8FDC-42A3-9474-1A3956D46DE8}") = "Catalog", "Catalog", "{5AEA2F36-BDB9-4237-8351-DF00540FD440}"
EndProject
Project("{9A19103F-16F7-4668-BE54-9A1E7A4F7556}") = "Catalog.API", "Services\Catalog\Catalog.API\Catalog.API.csproj", "{9A30F2F7-9DF8-4082-BB85-6025CD010D29}"
EndProject
Project("{E53339B2-1760-4266-BCC7-CA923CBCF16C}") = "docker-compose", "docker-compose.dcproj", "{4BCF059F-06ED-4EC1-898F-8483E80C6579}"
EndProject
Project("{2150E333-8FDC-42A3-9474-1A3956D46DE8}") = "Basket", "Basket", "{23C83876-A53E-4643-AE56-97C462E56BFC}"
EndProject
Project("{9A19103F-16F7-4668-BE54-9A1E7A4F7556}") = "Basket.API", "Services\Basket\Basket.API\Basket.API.csproj", "{EDBCE6E3-797E-47AB-89F0-96648F9090EA}"
EndProject
Project("{2150E333-8FDC-42A3-9474-1A3956D46DE8}") = "Discount", "Discount", "{B087CDA0-45BC-4548-89BF-C4416CE52440}"
EndProject
Project("{9A19103F-16F7-4668-BE54-9A1E7A4F7556}") = "Discount.API", "Services\Discount\Discount.API\Discount.API.csproj", "{3D3451A3-6ACE-4ADA-8A04-17AB336DF17E}"
EndProject
Project("{9A19103F-16F7-4668-BE54-9A1E7A4F7556}") = "Discount.Grpc", "Services\Discount\Discount.Grpc\Discount.Grpc.csproj", "{FEEE63EF-4F2C-4C86-AF6D-406E02D92BCE}"
EndProject
Project("{2150E333-8FDC-42A3-9474-1A3956D46DE8}") = "Ordering", "Ordering", "{FBD6A067-4ACD-4FCF-98F9-C7939AF6DD09}"
EndProject
Project("{9A19103F-16F7-4668-BE54-9A1E7A4F7556}") = "Ordering.Domain", "Services\Odering\Ordering.Domain\Ordering.Domain.csproj", "{2E4DB239-5AC0-4886-ACD7-3F17A2A03023}"
EndProject
Project("{9A19103F-16F7-4668-BE54-9A1E7A4F7556}") = "Ordering.Application", "Services\Odering\Ordering.Application\Ordering.Application.csproj", "{C62C1793-621C-4081-8B4C-BBA4F279C9BA}"
EndProject
Project("{9A19103F-16F7-4668-BE54-9A1E7A4F7556}") = "Ordering.Infrastructure", "Services\Odering\Ordering.Infrastructure\Ordering.Infrastructure.csproj", "{86FA43DE-ABF8-496B-A815-6EB63EE063E6}"
EndProject
Project("{9A19103F-16F7-4668-BE54-9A1E7A4F7556}") = "Ordering.API", "Services\Odering\Ordering.API\Ordering.API.csproj", "{E6C1F517-B60C-4BDB-A808-8704F357116D}"
EndProject
Project("{2150E333-8FDC-42A3-9474-1A3956D46DE8}") = "BuildingBlocks", "BuildingBlocks", "{BB58B5C2-1476-4A2B-9984-97BD549C6B83}"
EndProject
Project("{FAE04EC0-301F-11D3-BF4B-00C04F79EFBC}") = "EventBus.Messages", "BuildingBlocks\EventBus.Messages\EventBus.Messages.csproj", "{F02EA78C-2F66-40E1-BD5B-2BE15E86A22C}"
EndProject
Global
	GlobalSection(SolutionConfigurationPlatforms) = preSolution
		Debug|Any CPU = Debug|Any CPU
		Release|Any CPU = Release|Any CPU
	EndGlobalSection
	GlobalSection(ProjectConfigurationPlatforms) = postSolution
		{9A30F2F7-9DF8-4082-BB85-6025CD010D29}.Debug|Any CPU.ActiveCfg = Debug|Any CPU
		{9A30F2F7-9DF8-4082-BB85-6025CD010D29}.Debug|Any CPU.Build.0 = Debug|Any CPU
		{9A30F2F7-9DF8-4082-BB85-6025CD010D29}.Release|Any CPU.ActiveCfg = Release|Any CPU
		{9A30F2F7-9DF8-4082-BB85-6025CD010D29}.Release|Any CPU.Build.0 = Release|Any CPU
		{4BCF059F-06ED-4EC1-898F-8483E80C6579}.Debug|Any CPU.ActiveCfg = Debug|Any CPU
		{4BCF059F-06ED-4EC1-898F-8483E80C6579}.Debug|Any CPU.Build.0 = Debug|Any CPU
		{4BCF059F-06ED-4EC1-898F-8483E80C6579}.Release|Any CPU.ActiveCfg = Release|Any CPU
		{4BCF059F-06ED-4EC1-898F-8483E80C6579}.Release|Any CPU.Build.0 = Release|Any CPU
		{EDBCE6E3-797E-47AB-89F0-96648F9090EA}.Debug|Any CPU.ActiveCfg = Debug|Any CPU
		{EDBCE6E3-797E-47AB-89F0-96648F9090EA}.Debug|Any CPU.Build.0 = Debug|Any CPU
		{EDBCE6E3-797E-47AB-89F0-96648F9090EA}.Release|Any CPU.ActiveCfg = Release|Any CPU
		{EDBCE6E3-797E-47AB-89F0-96648F9090EA}.Release|Any CPU.Build.0 = Release|Any CPU
		{3D3451A3-6ACE-4ADA-8A04-17AB336DF17E}.Debug|Any CPU.ActiveCfg = Debug|Any CPU
		{3D3451A3-6ACE-4ADA-8A04-17AB336DF17E}.Debug|Any CPU.Build.0 = Debug|Any CPU
		{3D3451A3-6ACE-4ADA-8A04-17AB336DF17E}.Release|Any CPU.ActiveCfg = Release|Any CPU
		{3D3451A3-6ACE-4ADA-8A04-17AB336DF17E}.Release|Any CPU.Build.0 = Release|Any CPU
		{FEEE63EF-4F2C-4C86-AF6D-406E02D92BCE}.Debug|Any CPU.ActiveCfg = Debug|Any CPU
		{FEEE63EF-4F2C-4C86-AF6D-406E02D92BCE}.Debug|Any CPU.Build.0 = Debug|Any CPU
		{FEEE63EF-4F2C-4C86-AF6D-406E02D92BCE}.Release|Any CPU.ActiveCfg = Release|Any CPU
		{FEEE63EF-4F2C-4C86-AF6D-406E02D92BCE}.Release|Any CPU.Build.0 = Release|Any CPU
		{2E4DB239-5AC0-4886-ACD7-3F17A2A03023}.Debug|Any CPU.ActiveCfg = Debug|Any CPU
		{2E4DB239-5AC0-4886-ACD7-3F17A2A03023}.Debug|Any CPU.Build.0 = Debug|Any CPU
		{2E4DB239-5AC0-4886-ACD7-3F17A2A03023}.Release|Any CPU.ActiveCfg = Release|Any CPU
		{2E4DB239-5AC0-4886-ACD7-3F17A2A03023}.Release|Any CPU.Build.0 = Release|Any CPU
		{C62C1793-621C-4081-8B4C-BBA4F279C9BA}.Debug|Any CPU.ActiveCfg = Debug|Any CPU
		{C62C1793-621C-4081-8B4C-BBA4F279C9BA}.Debug|Any CPU.Build.0 = Debug|Any CPU
		{C62C1793-621C-4081-8B4C-BBA4F279C9BA}.Release|Any CPU.ActiveCfg = Release|Any CPU
		{C62C1793-621C-4081-8B4C-BBA4F279C9BA}.Release|Any CPU.Build.0 = Release|Any CPU
		{86FA43DE-ABF8-496B-A815-6EB63EE063E6}.Debug|Any CPU.ActiveCfg = Debug|Any CPU
		{86FA43DE-ABF8-496B-A815-6EB63EE063E6}.Debug|Any CPU.Build.0 = Debug|Any CPU
		{86FA43DE-ABF8-496B-A815-6EB63EE063E6}.Release|Any CPU.ActiveCfg = Release|Any CPU
		{86FA43DE-ABF8-496B-A815-6EB63EE063E6}.Release|Any CPU.Build.0 = Release|Any CPU
		{E6C1F517-B60C-4BDB-A808-8704F357116D}.Debug|Any CPU.ActiveCfg = Debug|Any CPU
		{E6C1F517-B60C-4BDB-A808-8704F357116D}.Debug|Any CPU.Build.0 = Debug|Any CPU
		{E6C1F517-B60C-4BDB-A808-8704F357116D}.Release|Any CPU.ActiveCfg = Release|Any CPU
		{E6C1F517-B60C-4BDB-A808-8704F357116D}.Release|Any CPU.Build.0 = Release|Any CPU
		{F02EA78C-2F66-40E1-BD5B-2BE15E86A22C}.Debug|Any CPU.ActiveCfg = Debug|Any CPU
		{F02EA78C-2F66-40E1-BD5B-2BE15E86A22C}.Debug|Any CPU.Build.0 = Debug|Any CPU
		{F02EA78C-2F66-40E1-BD5B-2BE15E86A22C}.Release|Any CPU.ActiveCfg = Release|Any CPU
		{F02EA78C-2F66-40E1-BD5B-2BE15E86A22C}.Release|Any CPU.Build.0 = Release|Any CPU
	EndGlobalSection
	GlobalSection(SolutionProperties) = preSolution
		HideSolutionNode = FALSE
	EndGlobalSection
	GlobalSection(NestedProjects) = preSolution
		{5AEA2F36-BDB9-4237-8351-DF00540FD440} = {D09696A0-E39D-4A57-ABE7-136BD666C514}
		{9A30F2F7-9DF8-4082-BB85-6025CD010D29} = {5AEA2F36-BDB9-4237-8351-DF00540FD440}
		{23C83876-A53E-4643-AE56-97C462E56BFC} = {D09696A0-E39D-4A57-ABE7-136BD666C514}
		{EDBCE6E3-797E-47AB-89F0-96648F9090EA} = {23C83876-A53E-4643-AE56-97C462E56BFC}
		{B087CDA0-45BC-4548-89BF-C4416CE52440} = {D09696A0-E39D-4A57-ABE7-136BD666C514}
		{3D3451A3-6ACE-4ADA-8A04-17AB336DF17E} = {B087CDA0-45BC-4548-89BF-C4416CE52440}
		{FEEE63EF-4F2C-4C86-AF6D-406E02D92BCE} = {B087CDA0-45BC-4548-89BF-C4416CE52440}
		{FBD6A067-4ACD-4FCF-98F9-C7939AF6DD09} = {D09696A0-E39D-4A57-ABE7-136BD666C514}
		{2E4DB239-5AC0-4886-ACD7-3F17A2A03023} = {FBD6A067-4ACD-4FCF-98F9-C7939AF6DD09}
		{C62C1793-621C-4081-8B4C-BBA4F279C9BA} = {FBD6A067-4ACD-4FCF-98F9-C7939AF6DD09}
		{86FA43DE-ABF8-496B-A815-6EB63EE063E6} = {FBD6A067-4ACD-4FCF-98F9-C7939AF6DD09}
		{E6C1F517-B60C-4BDB-A808-8704F357116D} = {FBD6A067-4ACD-4FCF-98F9-C7939AF6DD09}
		{F02EA78C-2F66-40E1-BD5B-2BE15E86A22C} = {BB58B5C2-1476-4A2B-9984-97BD549C6B83}
	EndGlobalSection
	GlobalSection(ExtensibilityGlobals) = postSolution
		SolutionGuid = {0609E42B-25BF-426F-81E7-B74B4D3DB053}
	EndGlobalSection
EndGlobal
