
Microsoft Visual Studio Solution File, Format Version 12.00
# Visual Studio Version 17
VisualStudioVersion = 17.0.31903.59
MinimumVisualStudioVersion = 10.0.40219.1
Project("{2150E333-8FDC-42A3-9474-1A3956D46DE8}") = "Services", "Services", "{D09696A0-E39D-4A57-ABE7-136BD666C514}"
EndProject
Project("{2150E333-8FDC-42A3-9474-1A3956D46DE8}") = "Catalog", "Catalog", "{5AEA2F36-BDB9-4237-8351-DF00540FD440}"
EndProject
Global
	GlobalSection(SolutionProperties) = preSolution
		HideSolutionNode = FALSE
	EndGlobalSection
	GlobalSection(NestedProjects) = preSolution
		{5AEA2F36-BDB9-4237-8351-DF00540FD440} = {D09696A0-E39D-4A57-ABE7-136BD666C514}
	EndGlobalSection
	GlobalSection(ExtensibilityGlobals) = postSolution
		SolutionGuid = {0609E42B-25BF-426F-81E7-B74B4D3DB053}
	EndGlobalSection
EndGlobal
